PODS:
  - Capacitor (5.7.8):
    - CapacitorCordova
  - CapacitorCordova (5.7.8)
  - CapacitorFilesystem (5.2.2):
    - Capacitor
  - CapacitorHaptics (5.0.8):
    - Capacitor
  - CapacitorLocalNotifications (5.0.8):
    - Capacitor
  - CapacitorPreferences (5.0.8):
    - Capacitor

DEPENDENCIES:
  - "Capacitor (from `../../node_modules/@capacitor/ios`)"
  - "CapacitorCordova (from `../../node_modules/@capacitor/ios`)"
  - "CapacitorFilesystem (from `../../node_modules/@capacitor/filesystem`)"
  - "CapacitorHaptics (from `../../node_modules/@capacitor/haptics`)"
  - "CapacitorLocalNotifications (from `../../node_modules/@capacitor/local-notifications`)"
  - "CapacitorPreferences (from `../../node_modules/@capacitor/preferences`)"

EXTERNAL SOURCES:
  Capacitor:
    :path: "../../node_modules/@capacitor/ios"
  CapacitorCordova:
    :path: "../../node_modules/@capacitor/ios"
  CapacitorFilesystem:
    :path: "../../node_modules/@capacitor/filesystem"
  CapacitorHaptics:
    :path: "../../node_modules/@capacitor/haptics"
  CapacitorLocalNotifications:
    :path: "../../node_modules/@capacitor/local-notifications"
  CapacitorPreferences:
    :path: "../../node_modules/@capacitor/preferences"

SPEC CHECKSUMS:
  Capacitor: 747aadb4fa786f460d8cd9d0557cb81440a13747
  CapacitorCordova: 31ab98dca2ddcee051027a1afe7e8c85c82f7297
  CapacitorFilesystem: 202b158a878462ab4f401d0eb4d9644c67927333
  CapacitorHaptics: f59c880aa8fad7f47bb54b48d6f2d6b26279602a
  CapacitorLocalNotifications: 5827dfaf75a52f7d29ac3a56d92cfc52b5073540
  CapacitorPreferences: 9e59596c5fd9915ed45279d1fda68978c5706401

PODFILE CHECKSUM: bda194fca4034ff4665c9cf79b418d70b760072f

COCOAPODS: 1.16.2
